// !$*UTF8*$!
{
	archiveVersion = 1;
	classes = {
	};
	objectVersion = 50;
	objects = {

/* Begin PBXBuildFile section */
		F5770AD524BCB7BA00386FAA /* AppDelegate.swift in Sources */ = {isa = PBXBuildFile; fileRef = F5770AD424BCB7BA00386FAA /* AppDelegate.swift */; };
		F5770AD724BCB7BA00386FAA /* SceneDelegate.swift in Sources */ = {isa = PBXBuildFile; fileRef = F5770AD624BCB7BA00386FAA /* SceneDelegate.swift */; };
		F5770AD924BCB7BA00386FAA /* ForecastViewController.swift in Sources */ = {isa = PBXBuildFile; fileRef = F5770AD824BCB7BA00386FAA /* ForecastViewController.swift */; };
		F5770ADC24BCB7BA00386FAA /* Main.storyboard in Resources */ = {isa = PBXBuildFile; fileRef = F5770ADA24BCB7BA00386FAA /* Main.storyboard */; };
		F5770ADE24BCB7BC00386FAA /* Assets.xcassets in Resources */ = {isa = PBXBuildFile; fileRef = F5770ADD24BCB7BC00386FAA /* Assets.xcassets */; };
		F5770AE124BCB7BC00386FAA /* LaunchScreen.storyboard in Resources */ = {isa = PBXBuildFile; fileRef = F5770ADF24BCB7BC00386FAA /* LaunchScreen.storyboard */; };
		F5770AEC24BCB7BC00386FAA /* WiproForecastTests.swift in Sources */ = {isa = PBXBuildFile; fileRef = F5770AEB24BCB7BC00386FAA /* WiproForecastTests.swift */; };
		F5770AF724BCE5A000386FAA /* ForecastTableViewCell.swift in Sources */ = {isa = PBXBuildFile; fileRef = F5770AF624BCE5A000386FAA /* ForecastTableViewCell.swift */; };
		F5770AFB24BCE92700386FAA /* Forecast.swift in Sources */ = {isa = PBXBuildFile; fileRef = F5770AFA24BCE92700386FAA /* Forecast.swift */; };
		F5770AFD24BCE9BA00386FAA /* Main.swift in Sources */ = {isa = PBXBuildFile; fileRef = F5770AFC24BCE9BA00386FAA /* Main.swift */; };
		F5770AFF24BCE9C600386FAA /* Weather.swift in Sources */ = {isa = PBXBuildFile; fileRef = F5770AFE24BCE9C600386FAA /* Weather.swift */; };
		F5770B0224BCEAF300386FAA /* DoubleExtension.swift in Sources */ = {isa = PBXBuildFile; fileRef = F5770B0124BCEAF300386FAA /* DoubleExtension.swift */; };
		F5770B0424BCEB2F00386FAA /* StringExtension.swift in Sources */ = {isa = PBXBuildFile; fileRef = F5770B0324BCEB2F00386FAA /* StringExtension.swift */; };
/* End PBXBuildFile section */

/* Begin PBXContainerItemProxy section */
		F5770AE824BCB7BC00386FAA /* PBXContainerItemProxy */ = {
			isa = PBXContainerItemProxy;
			containerPortal = F5770AC924BCB7BA00386FAA /* Project object */;
			proxyType = 1;
			remoteGlobalIDString = F5770AD024BCB7BA00386FAA;
			remoteInfo = WiproForecast;
		};
/* End PBXContainerItemProxy section */

/* Begin PBXFileReference section */
		F5770AD124BCB7BA00386FAA /* WiproForecast.app */ = {isa = PBXFileReference; explicitFileType = wrapper.application; includeInIndex = 0; path = WiproForecast.app; sourceTree = BUILT_PRODUCTS_DIR; };
		F5770AD424BCB7BA00386FAA /* AppDelegate.swift */ = {isa = PBXFileReference; lastKnownFileType = sourcecode.swift; path = AppDelegate.swift; sourceTree = "<group>"; };
		F5770AD624BCB7BA00386FAA /* SceneDelegate.swift */ = {isa = PBXFileReference; lastKnownFileType = sourcecode.swift; path = SceneDelegate.swift; sourceTree = "<group>"; };
		F5770AD824BCB7BA00386FAA /* ForecastViewController.swift */ = {isa = PBXFileReference; lastKnownFileType = sourcecode.swift; path = ForecastViewController.swift; sourceTree = "<group>"; };
		F5770ADB24BCB7BA00386FAA /* Base */ = {isa = PBXFileReference; lastKnownFileType = file.storyboard; name = Base; path = Base.lproj/Main.storyboard; sourceTree = "<group>"; };
		F5770ADD24BCB7BC00386FAA /* Assets.xcassets */ = {isa = PBXFileReference; lastKnownFileType = folder.assetcatalog; path = Assets.xcassets; sourceTree = "<group>"; };
		F5770AE024BCB7BC00386FAA /* Base */ = {isa = PBXFileReference; lastKnownFileType = file.storyboard; name = Base; path = Base.lproj/LaunchScreen.storyboard; sourceTree = "<group>"; };
		F5770AE224BCB7BC00386FAA /* Info.plist */ = {isa = PBXFileReference; lastKnownFileType = text.plist.xml; path = Info.plist; sourceTree = "<group>"; };
		F5770AE724BCB7BC00386FAA /* WiproForecastTests.xctest */ = {isa = PBXFileReference; explicitFileType = wrapper.cfbundle; includeInIndex = 0; path = WiproForecastTests.xctest; sourceTree = BUILT_PRODUCTS_DIR; };
		F5770AEB24BCB7BC00386FAA /* WiproForecastTests.swift */ = {isa = PBXFileReference; lastKnownFileType = sourcecode.swift; path = WiproForecastTests.swift; sourceTree = "<group>"; };
		F5770AED24BCB7BC00386FAA /* Info.plist */ = {isa = PBXFileReference; lastKnownFileType = text.plist.xml; path = Info.plist; sourceTree = "<group>"; };
		F5770AF624BCE5A000386FAA /* ForecastTableViewCell.swift */ = {isa = PBXFileReference; lastKnownFileType = sourcecode.swift; path = ForecastTableViewCell.swift; sourceTree = "<group>"; };
		F5770AFA24BCE92700386FAA /* Forecast.swift */ = {isa = PBXFileReference; lastKnownFileType = sourcecode.swift; path = Forecast.swift; sourceTree = "<group>"; };
		F5770AFC24BCE9BA00386FAA /* Main.swift */ = {isa = PBXFileReference; lastKnownFileType = sourcecode.swift; path = Main.swift; sourceTree = "<group>"; };
		F5770AFE24BCE9C600386FAA /* Weather.swift */ = {isa = PBXFileReference; lastKnownFileType = sourcecode.swift; path = Weather.swift; sourceTree = "<group>"; };
		F5770B0124BCEAF300386FAA /* DoubleExtension.swift */ = {isa = PBXFileReference; lastKnownFileType = sourcecode.swift; path = DoubleExtension.swift; sourceTree = "<group>"; };
		F5770B0324BCEB2F00386FAA /* StringExtension.swift */ = {isa = PBXFileReference; lastKnownFileType = sourcecode.swift; path = StringExtension.swift; sourceTree = "<group>"; };
/* End PBXFileReference section */

/* Begin PBXFrameworksBuildPhase section */
		F5770ACE24BCB7BA00386FAA /* Frameworks */ = {
			isa = PBXFrameworksBuildPhase;
			buildActionMask = 2147483647;
			files = (
			);
			runOnlyForDeploymentPostprocessing = 0;
		};
		F5770AE424BCB7BC00386FAA /* Frameworks */ = {
			isa = PBXFrameworksBuildPhase;
			buildActionMask = 2147483647;
			files = (
			);
			runOnlyForDeploymentPostprocessing = 0;
		};
/* End PBXFrameworksBuildPhase section */

/* Begin PBXGroup section */
		F5770AC824BCB7BA00386FAA = {
			isa = PBXGroup;
			children = (
				F5770AD324BCB7BA00386FAA /* WiproForecast */,
				F5770AEA24BCB7BC00386FAA /* WiproForecastTests */,
				F5770AD224BCB7BA00386FAA /* Products */,
			);
			sourceTree = "<group>";
		};
		F5770AD224BCB7BA00386FAA /* Products */ = {
			isa = PBXGroup;
			children = (
				F5770AD124BCB7BA00386FAA /* WiproForecast.app */,
				F5770AE724BCB7BC00386FAA /* WiproForecastTests.xctest */,
			);
			name = Products;
			sourceTree = "<group>";
		};
		F5770AD324BCB7BA00386FAA /* WiproForecast */ = {
			isa = PBXGroup;
			children = (
				F5770AD424BCB7BA00386FAA /* AppDelegate.swift */,
				F5770AD624BCB7BA00386FAA /* SceneDelegate.swift */,
				F5770AD824BCB7BA00386FAA /* ForecastViewController.swift */,
				F5770AF824BCE77100386FAA /* Model */,
				F5770AF924BCE78300386FAA /* Network */,
				F5770B0024BCEAD300386FAA /* Extensions */,
				F5770ADA24BCB7BA00386FAA /* Main.storyboard */,
				F5770ADD24BCB7BC00386FAA /* Assets.xcassets */,
				F5770ADF24BCB7BC00386FAA /* LaunchScreen.storyboard */,
				F5770AE224BCB7BC00386FAA /* Info.plist */,
			);
			path = WiproForecast;
			sourceTree = "<group>";
		};
		F5770AEA24BCB7BC00386FAA /* WiproForecastTests */ = {
			isa = PBXGroup;
			children = (
				F5770AEB24BCB7BC00386FAA /* WiproForecastTests.swift */,
				F5770AED24BCB7BC00386FAA /* Info.plist */,
			);
			path = WiproForecastTests;
			sourceTree = "<group>";
		};
		F5770AF824BCE77100386FAA /* Model */ = {
			isa = PBXGroup;
			children = (
				F5770AF624BCE5A000386FAA /* ForecastTableViewCell.swift */,
				F5770AFA24BCE92700386FAA /* Forecast.swift */,
				F5770AFC24BCE9BA00386FAA /* Main.swift */,
				F5770AFE24BCE9C600386FAA /* Weather.swift */,
			);
			path = Model;
			sourceTree = "<group>";
		};
		F5770AF924BCE78300386FAA /* Network */ = {
			isa = PBXGroup;
			children = (
			);
			path = Network;
			sourceTree = "<group>";
		};
		F5770B0024BCEAD300386FAA /* Extensions */ = {
			isa = PBXGroup;
			children = (
				F5770B0124BCEAF300386FAA /* DoubleExtension.swift */,
				F5770B0324BCEB2F00386FAA /* StringExtension.swift */,
			);
			path = Extensions;
			sourceTree = "<group>";
		};
/* End PBXGroup section */

/* Begin PBXNativeTarget section */
		F5770AD024BCB7BA00386FAA /* WiproForecast */ = {
			isa = PBXNativeTarget;
			buildConfigurationList = F5770AF024BCB7BC00386FAA /* Build configuration list for PBXNativeTarget "WiproForecast" */;
			buildPhases = (
				F5770ACD24BCB7BA00386FAA /* Sources */,
				F5770ACE24BCB7BA00386FAA /* Frameworks */,
				F5770ACF24BCB7BA00386FAA /* Resources */,
			);
			buildRules = (
			);
			dependencies = (
			);
			name = WiproForecast;
			productName = WiproForecast;
			productReference = F5770AD124BCB7BA00386FAA /* WiproForecast.app */;
			productType = "com.apple.product-type.application";
		};
		F5770AE624BCB7BC00386FAA /* WiproForecastTests */ = {
			isa = PBXNativeTarget;
			buildConfigurationList = F5770AF324BCB7BC00386FAA /* Build configuration list for PBXNativeTarget "WiproForecastTests" */;
			buildPhases = (
				F5770AE324BCB7BC00386FAA /* Sources */,
				F5770AE424BCB7BC00386FAA /* Frameworks */,
				F5770AE524BCB7BC00386FAA /* Resources */,
			);
			buildRules = (
			);
			dependencies = (
				F5770AE924BCB7BC00386FAA /* PBXTargetDependency */,
			);
			name = WiproForecastTests;
			productName = WiproForecastTests;
			productReference = F5770AE724BCB7BC00386FAA /* WiproForecastTests.xctest */;
			productType = "com.apple.product-type.bundle.unit-test";
		};
/* End PBXNativeTarget section */

/* Begin PBXProject section */
		F5770AC924BCB7BA00386FAA /* Project object */ = {
			isa = PBXProject;
			attributes = {
				LastSwiftUpdateCheck = 1150;
				LastUpgradeCheck = 1150;
				ORGANIZATIONNAME = "Cris Burlamaqui";
				TargetAttributes = {
					F5770AD024BCB7BA00386FAA = {
						CreatedOnToolsVersion = 11.5;
					};
					F5770AE624BCB7BC00386FAA = {
						CreatedOnToolsVersion = 11.5;
						TestTargetID = F5770AD024BCB7BA00386FAA;
					};
				};
			};
			buildConfigurationList = F5770ACC24BCB7BA00386FAA /* Build configuration list for PBXProject "WiproForecast" */;
			compatibilityVersion = "Xcode 9.3";
			developmentRegion = en;
			hasScannedForEncodings = 0;
			knownRegions = (
				en,
				Base,
			);
			mainGroup = F5770AC824BCB7BA00386FAA;
			productRefGroup = F5770AD224BCB7BA00386FAA /* Products */;
			projectDirPath = "";
			projectRoot = "";
			targets = (
				F5770AD024BCB7BA00386FAA /* WiproForecast */,
				F5770AE624BCB7BC00386FAA /* WiproForecastTests */,
			);
		};
/* End PBXProject section */

/* Begin PBXResourcesBuildPhase section */
		F5770ACF24BCB7BA00386FAA /* Resources */ = {
			isa = PBXResourcesBuildPhase;
			buildActionMask = 2147483647;
			files = (
				F5770AE124BCB7BC00386FAA /* LaunchScreen.storyboard in Resources */,
				F5770ADE24BCB7BC00386FAA /* Assets.xcassets in Resources */,
				F5770ADC24BCB7BA00386FAA /* Main.storyboard in Resources */,
			);
			runOnlyForDeploymentPostprocessing = 0;
		};
		F5770AE524BCB7BC00386FAA /* Resources */ = {
			isa = PBXResourcesBuildPhase;
			buildActionMask = 2147483647;
			files = (
			);
			runOnlyForDeploymentPostprocessing = 0;
		};
/* End PBXResourcesBuildPhase section */

/* Begin PBXSourcesBuildPhase section */
		F5770ACD24BCB7BA00386FAA /* Sources */ = {
			isa = PBXSourcesBuildPhase;
			buildActionMask = 2147483647;
			files = (
				F5770B0224BCEAF300386FAA /* DoubleExtension.swift in Sources */,
				F5770AFD24BCE9BA00386FAA /* Main.swift in Sources */,
				F5770AF724BCE5A000386FAA /* ForecastTableViewCell.swift in Sources */,
				F5770AD924BCB7BA00386FAA /* ForecastViewController.swift in Sources */,
				F5770AD524BCB7BA00386FAA /* AppDelegate.swift in Sources */,
				F5770B0424BCEB2F00386FAA /* StringExtension.swift in Sources */,
				F5770AD724BCB7BA00386FAA /* SceneDelegate.swift in Sources */,
				F5770AFB24BCE92700386FAA /* Forecast.swift in Sources */,
				F5770AFF24BCE9C600386FAA /* Weather.swift in Sources */,
			);
			runOnlyForDeploymentPostprocessing = 0;
		};
		F5770AE324BCB7BC00386FAA /* Sources */ = {
			isa = PBXSourcesBuildPhase;
			buildActionMask = 2147483647;
			files = (
				F5770AEC24BCB7BC00386FAA /* WiproForecastTests.swift in Sources */,
			);
			runOnlyForDeploymentPostprocessing = 0;
		};
/* End PBXSourcesBuildPhase section */

/* Begin PBXTargetDependency section */
		F5770AE924BCB7BC00386FAA /* PBXTargetDependency */ = {
			isa = PBXTargetDependency;
			target = F5770AD024BCB7BA00386FAA /* WiproForecast */;
			targetProxy = F5770AE824BCB7BC00386FAA /* PBXContainerItemProxy */;
		};
/* End PBXTargetDependency section */

/* Begin PBXVariantGroup section */
		F5770ADA24BCB7BA00386FAA /* Main.storyboard */ = {
			isa = PBXVariantGroup;
			children = (
				F5770ADB24BCB7BA00386FAA /* Base */,
			);
			name = Main.storyboard;
			sourceTree = "<group>";
		};
		F5770ADF24BCB7BC00386FAA /* LaunchScreen.storyboard */ = {
			isa = PBXVariantGroup;
			children = (
				F5770AE024BCB7BC00386FAA /* Base */,
			);
			name = LaunchScreen.storyboard;
			sourceTree = "<group>";
		};
/* End PBXVariantGroup section */

/* Begin XCBuildConfiguration section */
		F5770AEE24BCB7BC00386FAA /* Debug */ = {
			isa = XCBuildConfiguration;
			buildSettings = {
				ALWAYS_SEARCH_USER_PATHS = NO;
				CLANG_ANALYZER_NONNULL = YES;
				CLANG_ANALYZER_NUMBER_OBJECT_CONVERSION = YES_AGGRESSIVE;
				CLANG_CXX_LANGUAGE_STANDARD = "gnu++14";
				CLANG_CXX_LIBRARY = "libc++";
				CLANG_ENABLE_MODULES = YES;
				CLANG_ENABLE_OBJC_ARC = YES;
				CLANG_ENABLE_OBJC_WEAK = YES;
				CLANG_WARN_BLOCK_CAPTURE_AUTORELEASING = YES;
				CLANG_WARN_BOOL_CONVERSION = YES;
				CLANG_WARN_COMMA = YES;
				CLANG_WARN_CONSTANT_CONVERSION = YES;
				CLANG_WARN_DEPRECATED_OBJC_IMPLEMENTATIONS = YES;
				CLANG_WARN_DIRECT_OBJC_ISA_USAGE = YES_ERROR;
				CLANG_WARN_DOCUMENTATION_COMMENTS = YES;
				CLANG_WARN_EMPTY_BODY = YES;
				CLANG_WARN_ENUM_CONVERSION = YES;
				CLANG_WARN_INFINITE_RECURSION = YES;
				CLANG_WARN_INT_CONVERSION = YES;
				CLANG_WARN_NON_LITERAL_NULL_CONVERSION = YES;
				CLANG_WARN_OBJC_IMPLICIT_RETAIN_SELF = YES;
				CLANG_WARN_OBJC_LITERAL_CONVERSION = YES;
				CLANG_WARN_OBJC_ROOT_CLASS = YES_ERROR;
				CLANG_WARN_RANGE_LOOP_ANALYSIS = YES;
				CLANG_WARN_STRICT_PROTOTYPES = YES;
				CLANG_WARN_SUSPICIOUS_MOVE = YES;
				CLANG_WARN_UNGUARDED_AVAILABILITY = YES_AGGRESSIVE;
				CLANG_WARN_UNREACHABLE_CODE = YES;
				CLANG_WARN__DUPLICATE_METHOD_MATCH = YES;
				COPY_PHASE_STRIP = NO;
				DEBUG_INFORMATION_FORMAT = dwarf;
				ENABLE_STRICT_OBJC_MSGSEND = YES;
				ENABLE_TESTABILITY = YES;
				GCC_C_LANGUAGE_STANDARD = gnu11;
				GCC_DYNAMIC_NO_PIC = NO;
				GCC_NO_COMMON_BLOCKS = YES;
				GCC_OPTIMIZATION_LEVEL = 0;
				GCC_PREPROCESSOR_DEFINITIONS = (
					"DEBUG=1",
					"$(inherited)",
				);
				GCC_WARN_64_TO_32_BIT_CONVERSION = YES;
				GCC_WARN_ABOUT_RETURN_TYPE = YES_ERROR;
				GCC_WARN_UNDECLARED_SELECTOR = YES;
				GCC_WARN_UNINITIALIZED_AUTOS = YES_AGGRESSIVE;
				GCC_WARN_UNUSED_FUNCTION = YES;
				GCC_WARN_UNUSED_VARIABLE = YES;
				IPHONEOS_DEPLOYMENT_TARGET = 13.5;
				MTL_ENABLE_DEBUG_INFO = INCLUDE_SOURCE;
				MTL_FAST_MATH = YES;
				ONLY_ACTIVE_ARCH = YES;
				SDKROOT = iphoneos;
				SWIFT_ACTIVE_COMPILATION_CONDITIONS = DEBUG;
				SWIFT_OPTIMIZATION_LEVEL = "-Onone";
			};
			name = Debug;
		};
		F5770AEF24BCB7BC00386FAA /* Release */ = {
			isa = XCBuildConfiguration;
			buildSettings = {
				ALWAYS_SEARCH_USER_PATHS = NO;
				CLANG_ANALYZER_NONNULL = YES;
				CLANG_ANALYZER_NUMBER_OBJECT_CONVERSION = YES_AGGRESSIVE;
				CLANG_CXX_LANGUAGE_STANDARD = "gnu++14";
				CLANG_CXX_LIBRARY = "libc++";
				CLANG_ENABLE_MODULES = YES;
				CLANG_ENABLE_OBJC_ARC = YES;
				CLANG_ENABLE_OBJC_WEAK = YES;
				CLANG_WARN_BLOCK_CAPTURE_AUTORELEASING = YES;
				CLANG_WARN_BOOL_CONVERSION = YES;
				CLANG_WARN_COMMA = YES;
				CLANG_WARN_CONSTANT_CONVERSION = YES;
				CLANG_WARN_DEPRECATED_OBJC_IMPLEMENTATIONS = YES;
				CLANG_WARN_DIRECT_OBJC_ISA_USAGE = YES_ERROR;
				CLANG_WARN_DOCUMENTATION_COMMENTS = YES;
				CLANG_WARN_EMPTY_BODY = YES;
				CLANG_WARN_ENUM_CONVERSION = YES;
				CLANG_WARN_INFINITE_RECURSION = YES;
				CLANG_WARN_INT_CONVERSION = YES;
				CLANG_WARN_NON_LITERAL_NULL_CONVERSION = YES;
				CLANG_WARN_OBJC_IMPLICIT_RETAIN_SELF = YES;
				CLANG_WARN_OBJC_LITERAL_CONVERSION = YES;
				CLANG_WARN_OBJC_ROOT_CLASS = YES_ERROR;
				CLANG_WARN_RANGE_LOOP_ANALYSIS = YES;
				CLANG_WARN_STRICT_PROTOTYPES = YES;
				CLANG_WARN_SUSPICIOUS_MOVE = YES;
				CLANG_WARN_UNGUARDED_AVAILABILITY = YES_AGGRESSIVE;
				CLANG_WARN_UNREACHABLE_CODE = YES;
				CLANG_WARN__DUPLICATE_METHOD_MATCH = YES;
				COPY_PHASE_STRIP = NO;
				DEBUG_INFORMATION_FORMAT = "dwarf-with-dsym";
				ENABLE_NS_ASSERTIONS = NO;
				ENABLE_STRICT_OBJC_MSGSEND = YES;
				GCC_C_LANGUAGE_STANDARD = gnu11;
				GCC_NO_COMMON_BLOCKS = YES;
				GCC_WARN_64_TO_32_BIT_CONVERSION = YES;
				GCC_WARN_ABOUT_RETURN_TYPE = YES_ERROR;
				GCC_WARN_UNDECLARED_SELECTOR = YES;
				GCC_WARN_UNINITIALIZED_AUTOS = YES_AGGRESSIVE;
				GCC_WARN_UNUSED_FUNCTION = YES;
				GCC_WARN_UNUSED_VARIABLE = YES;
				IPHONEOS_DEPLOYMENT_TARGET = 13.5;
				MTL_ENABLE_DEBUG_INFO = NO;
				MTL_FAST_MATH = YES;
				SDKROOT = iphoneos;
				SWIFT_COMPILATION_MODE = wholemodule;
				SWIFT_OPTIMIZATION_LEVEL = "-O";
				VALIDATE_PRODUCT = YES;
			};
			name = Release;
		};
		F5770AF124BCB7BC00386FAA /* Debug */ = {
			isa = XCBuildConfiguration;
			buildSettings = {
				ASSETCATALOG_COMPILER_APPICON_NAME = AppIcon;
				CODE_SIGN_STYLE = Automatic;
				INFOPLIST_FILE = WiproForecast/Info.plist;
				LD_RUNPATH_SEARCH_PATHS = (
					"$(inherited)",
					"@executable_path/Frameworks",
				);
				PRODUCT_BUNDLE_IDENTIFIER = com.burlamaqui.wipro.WiproForecast;
				PRODUCT_NAME = "$(TARGET_NAME)";
				SWIFT_VERSION = 5.0;
				TARGETED_DEVICE_FAMILY = "1,2";
			};
			name = Debug;
		};
		F5770AF224BCB7BC00386FAA /* Release */ = {
			isa = XCBuildConfiguration;
			buildSettings = {
				ASSETCATALOG_COMPILER_APPICON_NAME = AppIcon;
				CODE_SIGN_STYLE = Automatic;
				INFOPLIST_FILE = WiproForecast/Info.plist;
				LD_RUNPATH_SEARCH_PATHS = (
					"$(inherited)",
					"@executable_path/Frameworks",
				);
				PRODUCT_BUNDLE_IDENTIFIER = com.burlamaqui.wipro.WiproForecast;
				PRODUCT_NAME = "$(TARGET_NAME)";
				SWIFT_VERSION = 5.0;
				TARGETED_DEVICE_FAMILY = "1,2";
			};
			name = Release;
		};
		F5770AF424BCB7BC00386FAA /* Debug */ = {
			isa = XCBuildConfiguration;
			buildSettings = {
				ALWAYS_EMBED_SWIFT_STANDARD_LIBRARIES = YES;
				BUNDLE_LOADER = "$(TEST_HOST)";
				CODE_SIGN_STYLE = Automatic;
				INFOPLIST_FILE = WiproForecastTests/Info.plist;
				IPHONEOS_DEPLOYMENT_TARGET = 13.5;
				LD_RUNPATH_SEARCH_PATHS = (
					"$(inherited)",
					"@executable_path/Frameworks",
					"@loader_path/Frameworks",
				);
				PRODUCT_BUNDLE_IDENTIFIER = com.burlamaqui.wipro.WiproForecastTests;
				PRODUCT_NAME = "$(TARGET_NAME)";
				SWIFT_VERSION = 5.0;
				TARGETED_DEVICE_FAMILY = "1,2";
				TEST_HOST = "$(BUILT_PRODUCTS_DIR)/WiproForecast.app/WiproForecast";
			};
			name = Debug;
		};
		F5770AF524BCB7BC00386FAA /* Release */ = {
			isa = XCBuildConfiguration;
			buildSettings = {
				ALWAYS_EMBED_SWIFT_STANDARD_LIBRARIES = YES;
				BUNDLE_LOADER = "$(TEST_HOST)";
				CODE_SIGN_STYLE = Automatic;
				INFOPLIST_FILE = WiproForecastTests/Info.plist;
				IPHONEOS_DEPLOYMENT_TARGET = 13.5;
				LD_RUNPATH_SEARCH_PATHS = (
					"$(inherited)",
					"@executable_path/Frameworks",
					"@loader_path/Frameworks",
				);
				PRODUCT_BUNDLE_IDENTIFIER = com.burlamaqui.wipro.WiproForecastTests;
				PRODUCT_NAME = "$(TARGET_NAME)";
				SWIFT_VERSION = 5.0;
				TARGETED_DEVICE_FAMILY = "1,2";
				TEST_HOST = "$(BUILT_PRODUCTS_DIR)/WiproForecast.app/WiproForecast";
			};
			name = Release;
		};
/* End XCBuildConfiguration section */

/* Begin XCConfigurationList section */
		F5770ACC24BCB7BA00386FAA /* Build configuration list for PBXProject "WiproForecast" */ = {
			isa = XCConfigurationList;
			buildConfigurations = (
				F5770AEE24BCB7BC00386FAA /* Debug */,
				F5770AEF24BCB7BC00386FAA /* Release */,
			);
			defaultConfigurationIsVisible = 0;
			defaultConfigurationName = Release;
		};
		F5770AF024BCB7BC00386FAA /* Build configuration list for PBXNativeTarget "WiproForecast" */ = {
			isa = XCConfigurationList;
			buildConfigurations = (
				F5770AF124BCB7BC00386FAA /* Debug */,
				F5770AF224BCB7BC00386FAA /* Release */,
			);
			defaultConfigurationIsVisible = 0;
			defaultConfigurationName = Release;
		};
		F5770AF324BCB7BC00386FAA /* Build configuration list for PBXNativeTarget "WiproForecastTests" */ = {
			isa = XCConfigurationList;
			buildConfigurations = (
				F5770AF424BCB7BC00386FAA /* Debug */,
				F5770AF524BCB7BC00386FAA /* Release */,
			);
			defaultConfigurationIsVisible = 0;
			defaultConfigurationName = Release;
		};
/* End XCConfigurationList section */
	};
	rootObject = F5770AC924BCB7BA00386FAA /* Project object */;
}
